
Microsoft Visual Studio Solution File, Format Version 12.00
# Visual Studio Version 17
VisualStudioVersion = 17.5.002.0
MinimumVisualStudioVersion = 10.0.40219.1
Project("{9A19103F-16F7-4668-BE54-9A1E7A4F7556}") = "DesafioPOO", "DesafioPOO.csproj", "{86DF497F-AAC0-428B-A587-00EE1161976F}"
EndProject
Global
	GlobalSection(SolutionConfigurationPlatforms) = preSolution
		Debug|Any CPU = Debug|Any CPU
		Release|Any CPU = Release|Any CPU
	EndGlobalSection
	GlobalSection(ProjectConfigurationPlatforms) = postSolution
		{86DF497F-AAC0-428B-A587-00EE1161976F}.Debug|Any CPU.ActiveCfg = Debug|Any CPU
		{86DF497F-AAC0-428B-A587-00EE1161976F}.Debug|Any CPU.Build.0 = Debug|Any CPU
		{86DF497F-AAC0-428B-A587-00EE1161976F}.Release|Any CPU.ActiveCfg = Release|Any CPU
		{86DF497F-AAC0-428B-A587-00EE1161976F}.Release|Any CPU.Build.0 = Release|Any CPU
	EndGlobalSection
	GlobalSection(SolutionProperties) = preSolution
		HideSolutionNode = FALSE
	EndGlobalSection
	GlobalSection(ExtensibilityGlobals) = postSolution
		SolutionGuid = {A1341B9B-6E50-4DB2-8428-396002D250BF}
	EndGlobalSection
EndGlobal
